// !$*UTF8*$!
{
	archiveVersion = 1;
	classes = {
	};
	objectVersion = 56;
	objects = {

/* Begin PBXBuildFile section */
		4A5BFE9A0BD5036FE75A24F5 /* Pods_MovieRxSwift.framework in Frameworks */ = {isa = PBXBuildFile; fileRef = 7B5BFE501330FF19F50288DA /* Pods_MovieRxSwift.framework */; };
		9691CE2329A3BC0100F6A2A5 /* AppDelegate.swift in Sources */ = {isa = PBXBuildFile; fileRef = 9691CE2229A3BC0100F6A2A5 /* AppDelegate.swift */; };
		9691CE2729A3BC0100F6A2A5 /* ViewController.swift in Sources */ = {isa = PBXBuildFile; fileRef = 9691CE2629A3BC0100F6A2A5 /* ViewController.swift */; };
		9691CE2A29A3BC0100F6A2A5 /* Main.storyboard in Resources */ = {isa = PBXBuildFile; fileRef = 9691CE2829A3BC0100F6A2A5 /* Main.storyboard */; };
		9691CE2C29A3BC0200F6A2A5 /* Assets.xcassets in Resources */ = {isa = PBXBuildFile; fileRef = 9691CE2B29A3BC0200F6A2A5 /* Assets.xcassets */; };
		9691CE2F29A3BC0200F6A2A5 /* LaunchScreen.storyboard in Resources */ = {isa = PBXBuildFile; fileRef = 9691CE2D29A3BC0200F6A2A5 /* LaunchScreen.storyboard */; };
		9691CE3B29A3C73D00F6A2A5 /* AppNavigator.swift in Sources */ = {isa = PBXBuildFile; fileRef = 9691CE3829A3C73D00F6A2A5 /* AppNavigator.swift */; };
		9691CE3D29A3C73D00F6A2A5 /* AppViewModel.swift in Sources */ = {isa = PBXBuildFile; fileRef = 9691CE3A29A3C73D00F6A2A5 /* AppViewModel.swift */; };
/* End PBXBuildFile section */

/* Begin PBXFileReference section */
		49BFB4F08F30165E2C57CFDB /* Pods-MovieRxSwift.debug.xcconfig */ = {isa = PBXFileReference; includeInIndex = 1; lastKnownFileType = text.xcconfig; name = "Pods-MovieRxSwift.debug.xcconfig"; path = "Target Support Files/Pods-MovieRxSwift/Pods-MovieRxSwift.debug.xcconfig"; sourceTree = "<group>"; };
		7B5BFE501330FF19F50288DA /* Pods_MovieRxSwift.framework */ = {isa = PBXFileReference; explicitFileType = wrapper.framework; includeInIndex = 0; path = Pods_MovieRxSwift.framework; sourceTree = BUILT_PRODUCTS_DIR; };
		9691CE1F29A3BC0100F6A2A5 /* MovieRxSwift.app */ = {isa = PBXFileReference; explicitFileType = wrapper.application; includeInIndex = 0; path = MovieRxSwift.app; sourceTree = BUILT_PRODUCTS_DIR; };
		9691CE2229A3BC0100F6A2A5 /* AppDelegate.swift */ = {isa = PBXFileReference; lastKnownFileType = sourcecode.swift; path = AppDelegate.swift; sourceTree = "<group>"; };
		9691CE2629A3BC0100F6A2A5 /* ViewController.swift */ = {isa = PBXFileReference; lastKnownFileType = sourcecode.swift; path = ViewController.swift; sourceTree = "<group>"; };
		9691CE2929A3BC0100F6A2A5 /* Base */ = {isa = PBXFileReference; lastKnownFileType = file.storyboard; name = Base; path = Base.lproj/Main.storyboard; sourceTree = "<group>"; };
		9691CE2B29A3BC0200F6A2A5 /* Assets.xcassets */ = {isa = PBXFileReference; lastKnownFileType = folder.assetcatalog; path = Assets.xcassets; sourceTree = "<group>"; };
		9691CE2E29A3BC0200F6A2A5 /* Base */ = {isa = PBXFileReference; lastKnownFileType = file.storyboard; name = Base; path = Base.lproj/LaunchScreen.storyboard; sourceTree = "<group>"; };
		9691CE3029A3BC0200F6A2A5 /* Info.plist */ = {isa = PBXFileReference; lastKnownFileType = text.plist.xml; path = Info.plist; sourceTree = "<group>"; };
		9691CE3829A3C73D00F6A2A5 /* AppNavigator.swift */ = {isa = PBXFileReference; fileEncoding = 4; lastKnownFileType = sourcecode.swift; path = AppNavigator.swift; sourceTree = "<group>"; };
		9691CE3A29A3C73D00F6A2A5 /* AppViewModel.swift */ = {isa = PBXFileReference; fileEncoding = 4; lastKnownFileType = sourcecode.swift; path = AppViewModel.swift; sourceTree = "<group>"; };
		A2DABFCDD2A02107FEEEB1A4 /* Pods-MovieRxSwift.release.xcconfig */ = {isa = PBXFileReference; includeInIndex = 1; lastKnownFileType = text.xcconfig; name = "Pods-MovieRxSwift.release.xcconfig"; path = "Target Support Files/Pods-MovieRxSwift/Pods-MovieRxSwift.release.xcconfig"; sourceTree = "<group>"; };
/* End PBXFileReference section */

/* Begin PBXFrameworksBuildPhase section */
		9691CE1C29A3BC0100F6A2A5 /* Frameworks */ = {
			isa = PBXFrameworksBuildPhase;
			buildActionMask = 2147483647;
			files = (
				4A5BFE9A0BD5036FE75A24F5 /* Pods_MovieRxSwift.framework in Frameworks */,
			);
			runOnlyForDeploymentPostprocessing = 0;
		};
/* End PBXFrameworksBuildPhase section */

/* Begin PBXGroup section */
		11C232454D72B34FC86B4189 /* Frameworks */ = {
			isa = PBXGroup;
			children = (
				7B5BFE501330FF19F50288DA /* Pods_MovieRxSwift.framework */,
			);
			name = Frameworks;
			sourceTree = "<group>";
		};
		488D26B7BFBAD4242B12C847 /* Pods */ = {
			isa = PBXGroup;
			children = (
				49BFB4F08F30165E2C57CFDB /* Pods-MovieRxSwift.debug.xcconfig */,
				A2DABFCDD2A02107FEEEB1A4 /* Pods-MovieRxSwift.release.xcconfig */,
			);
			path = Pods;
			sourceTree = "<group>";
		};
		9691CE1629A3BC0100F6A2A5 = {
			isa = PBXGroup;
			children = (
				9691CE2129A3BC0100F6A2A5 /* MovieRxSwift */,
				9691CE2029A3BC0100F6A2A5 /* Products */,
				488D26B7BFBAD4242B12C847 /* Pods */,
				11C232454D72B34FC86B4189 /* Frameworks */,
			);
			sourceTree = "<group>";
		};
		9691CE2029A3BC0100F6A2A5 /* Products */ = {
			isa = PBXGroup;
			children = (
				9691CE1F29A3BC0100F6A2A5 /* MovieRxSwift.app */,
			);
			name = Products;
			sourceTree = "<group>";
		};
		9691CE2129A3BC0100F6A2A5 /* MovieRxSwift */ = {
			isa = PBXGroup;
			children = (
				9691CE3E29A3C74D00F6A2A5 /* Scenes */,
				9691CE3629A3C71B00F6A2A5 /* Application */,
				9691CE2B29A3BC0200F6A2A5 /* Assets.xcassets */,
				9691CE3029A3BC0200F6A2A5 /* Info.plist */,
			);
			path = MovieRxSwift;
			sourceTree = "<group>";
		};
		9691CE3629A3C71B00F6A2A5 /* Application */ = {
			isa = PBXGroup;
			children = (
				9691CE2229A3BC0100F6A2A5 /* AppDelegate.swift */,
			);
			path = Application;
			sourceTree = "<group>";
		};
		9691CE3729A3C73D00F6A2A5 /* App */ = {
			isa = PBXGroup;
			children = (
				9691CE3829A3C73D00F6A2A5 /* AppNavigator.swift */,
				9691CE3A29A3C73D00F6A2A5 /* AppViewModel.swift */,
			);
			path = App;
			sourceTree = "<group>";
		};
		9691CE3E29A3C74D00F6A2A5 /* Scenes */ = {
			isa = PBXGroup;
			children = (
				9691CE3F29A3C7D200F6A2A5 /* Main */,
				9691CE3729A3C73D00F6A2A5 /* App */,
			);
			path = Scenes;
			sourceTree = "<group>";
		};
		9691CE3F29A3C7D200F6A2A5 /* Main */ = {
			isa = PBXGroup;
			children = (
				9691CE2629A3BC0100F6A2A5 /* ViewController.swift */,
				9691CE2829A3BC0100F6A2A5 /* Main.storyboard */,
				9691CE2D29A3BC0200F6A2A5 /* LaunchScreen.storyboard */,
			);
			path = Main;
			sourceTree = "<group>";
		};
/* End PBXGroup section */

/* Begin PBXNativeTarget section */
		9691CE1E29A3BC0100F6A2A5 /* MovieRxSwift */ = {
			isa = PBXNativeTarget;
			buildConfigurationList = 9691CE3329A3BC0200F6A2A5 /* Build configuration list for PBXNativeTarget "MovieRxSwift" */;
			buildPhases = (
				21995A581D39B583CBACEC47 /* [CP] Check Pods Manifest.lock */,
				9691CE1B29A3BC0100F6A2A5 /* Sources */,
				9691CE1C29A3BC0100F6A2A5 /* Frameworks */,
				9691CE1D29A3BC0100F6A2A5 /* Resources */,
				CAFE294F4EFC74B1CACDC57F /* [CP] Embed Pods Frameworks */,
			);
			buildRules = (
			);
			dependencies = (
			);
			name = MovieRxSwift;
			productName = MovieRxSwift;
			productReference = 9691CE1F29A3BC0100F6A2A5 /* MovieRxSwift.app */;
			productType = "com.apple.product-type.application";
		};
/* End PBXNativeTarget section */

/* Begin PBXProject section */
		9691CE1729A3BC0100F6A2A5 /* Project object */ = {
			isa = PBXProject;
			attributes = {
				BuildIndependentTargetsInParallel = 1;
				LastSwiftUpdateCheck = 1420;
				LastUpgradeCheck = 1420;
				TargetAttributes = {
					9691CE1E29A3BC0100F6A2A5 = {
						CreatedOnToolsVersion = 14.2;
					};
				};
			};
			buildConfigurationList = 9691CE1A29A3BC0100F6A2A5 /* Build configuration list for PBXProject "MovieRxSwift" */;
			compatibilityVersion = "Xcode 14.0";
			developmentRegion = en;
			hasScannedForEncodings = 0;
			knownRegions = (
				en,
				Base,
			);
			mainGroup = 9691CE1629A3BC0100F6A2A5;
			productRefGroup = 9691CE2029A3BC0100F6A2A5 /* Products */;
			projectDirPath = "";
			projectRoot = "";
			targets = (
				9691CE1E29A3BC0100F6A2A5 /* MovieRxSwift */,
			);
		};
/* End PBXProject section */

/* Begin PBXResourcesBuildPhase section */
		9691CE1D29A3BC0100F6A2A5 /* Resources */ = {
			isa = PBXResourcesBuildPhase;
			buildActionMask = 2147483647;
			files = (
				9691CE2F29A3BC0200F6A2A5 /* LaunchScreen.storyboard in Resources */,
				9691CE2C29A3BC0200F6A2A5 /* Assets.xcassets in Resources */,
				9691CE2A29A3BC0100F6A2A5 /* Main.storyboard in Resources */,
			);
			runOnlyForDeploymentPostprocessing = 0;
		};
/* End PBXResourcesBuildPhase section */

/* Begin PBXShellScriptBuildPhase section */
		21995A581D39B583CBACEC47 /* [CP] Check Pods Manifest.lock */ = {
			isa = PBXShellScriptBuildPhase;
			buildActionMask = 2147483647;
			files = (
			);
			inputFileListPaths = (
			);
			inputPaths = (
				"${PODS_PODFILE_DIR_PATH}/Podfile.lock",
				"${PODS_ROOT}/Manifest.lock",
			);
			name = "[CP] Check Pods Manifest.lock";
			outputFileListPaths = (
			);
			outputPaths = (
				"$(DERIVED_FILE_DIR)/Pods-MovieRxSwift-checkManifestLockResult.txt",
			);
			runOnlyForDeploymentPostprocessing = 0;
			shellPath = /bin/sh;
			shellScript = "diff \"${PODS_PODFILE_DIR_PATH}/Podfile.lock\" \"${PODS_ROOT}/Manifest.lock\" > /dev/null\nif [ $? != 0 ] ; then\n    # print error to STDERR\n    echo \"error: The sandbox is not in sync with the Podfile.lock. Run 'pod install' or update your CocoaPods installation.\" >&2\n    exit 1\nfi\n# This output is used by Xcode 'outputs' to avoid re-running this script phase.\necho \"SUCCESS\" > \"${SCRIPT_OUTPUT_FILE_0}\"\n";
			showEnvVarsInLog = 0;
		};
		CAFE294F4EFC74B1CACDC57F /* [CP] Embed Pods Frameworks */ = {
			isa = PBXShellScriptBuildPhase;
			buildActionMask = 2147483647;
			files = (
			);
			inputFileListPaths = (
				"${PODS_ROOT}/Target Support Files/Pods-MovieRxSwift/Pods-MovieRxSwift-frameworks-${CONFIGURATION}-input-files.xcfilelist",
			);
			name = "[CP] Embed Pods Frameworks";
			outputFileListPaths = (
				"${PODS_ROOT}/Target Support Files/Pods-MovieRxSwift/Pods-MovieRxSwift-frameworks-${CONFIGURATION}-output-files.xcfilelist",
			);
			runOnlyForDeploymentPostprocessing = 0;
			shellPath = /bin/sh;
			shellScript = "\"${PODS_ROOT}/Target Support Files/Pods-MovieRxSwift/Pods-MovieRxSwift-frameworks.sh\"\n";
			showEnvVarsInLog = 0;
		};
/* End PBXShellScriptBuildPhase section */

/* Begin PBXSourcesBuildPhase section */
		9691CE1B29A3BC0100F6A2A5 /* Sources */ = {
			isa = PBXSourcesBuildPhase;
			buildActionMask = 2147483647;
			files = (
				9691CE2729A3BC0100F6A2A5 /* ViewController.swift in Sources */,
				9691CE3D29A3C73D00F6A2A5 /* AppViewModel.swift in Sources */,
				9691CE3B29A3C73D00F6A2A5 /* AppNavigator.swift in Sources */,
				9691CE2329A3BC0100F6A2A5 /* AppDelegate.swift in Sources */,
			);
			runOnlyForDeploymentPostprocessing = 0;
		};
/* End PBXSourcesBuildPhase section */

/* Begin PBXVariantGroup section */
		9691CE2829A3BC0100F6A2A5 /* Main.storyboard */ = {
			isa = PBXVariantGroup;
			children = (
				9691CE2929A3BC0100F6A2A5 /* Base */,
			);
			name = Main.storyboard;
			sourceTree = "<group>";
		};
		9691CE2D29A3BC0200F6A2A5 /* LaunchScreen.storyboard */ = {
			isa = PBXVariantGroup;
			children = (
				9691CE2E29A3BC0200F6A2A5 /* Base */,
			);
			name = LaunchScreen.storyboard;
			sourceTree = "<group>";
		};
/* End PBXVariantGroup section */

/* Begin XCBuildConfiguration section */
		9691CE3129A3BC0200F6A2A5 /* Debug */ = {
			isa = XCBuildConfiguration;
			buildSettings = {
				ALWAYS_SEARCH_USER_PATHS = NO;
				CLANG_ANALYZER_NONNULL = YES;
				CLANG_ANALYZER_NUMBER_OBJECT_CONVERSION = YES_AGGRESSIVE;
				CLANG_CXX_LANGUAGE_STANDARD = "gnu++20";
				CLANG_ENABLE_MODULES = YES;
				CLANG_ENABLE_OBJC_ARC = YES;
				CLANG_ENABLE_OBJC_WEAK = YES;
				CLANG_WARN_BLOCK_CAPTURE_AUTORELEASING = YES;
				CLANG_WARN_BOOL_CONVERSION = YES;
				CLANG_WARN_COMMA = YES;
				CLANG_WARN_CONSTANT_CONVERSION = YES;
				CLANG_WARN_DEPRECATED_OBJC_IMPLEMENTATIONS = YES;
				CLANG_WARN_DIRECT_OBJC_ISA_USAGE = YES_ERROR;
				CLANG_WARN_DOCUMENTATION_COMMENTS = YES;
				CLANG_WARN_EMPTY_BODY = YES;
				CLANG_WARN_ENUM_CONVERSION = YES;
				CLANG_WARN_INFINITE_RECURSION = YES;
				CLANG_WARN_INT_CONVERSION = YES;
				CLANG_WARN_NON_LITERAL_NULL_CONVERSION = YES;
				CLANG_WARN_OBJC_IMPLICIT_RETAIN_SELF = YES;
				CLANG_WARN_OBJC_LITERAL_CONVERSION = YES;
				CLANG_WARN_OBJC_ROOT_CLASS = YES_ERROR;
				CLANG_WARN_QUOTED_INCLUDE_IN_FRAMEWORK_HEADER = YES;
				CLANG_WARN_RANGE_LOOP_ANALYSIS = YES;
				CLANG_WARN_STRICT_PROTOTYPES = YES;
				CLANG_WARN_SUSPICIOUS_MOVE = YES;
				CLANG_WARN_UNGUARDED_AVAILABILITY = YES_AGGRESSIVE;
				CLANG_WARN_UNREACHABLE_CODE = YES;
				CLANG_WARN__DUPLICATE_METHOD_MATCH = YES;
				COPY_PHASE_STRIP = NO;
				DEBUG_INFORMATION_FORMAT = dwarf;
				ENABLE_STRICT_OBJC_MSGSEND = YES;
				ENABLE_TESTABILITY = YES;
				GCC_C_LANGUAGE_STANDARD = gnu11;
				GCC_DYNAMIC_NO_PIC = NO;
				GCC_NO_COMMON_BLOCKS = YES;
				GCC_OPTIMIZATION_LEVEL = 0;
				GCC_PREPROCESSOR_DEFINITIONS = (
					"DEBUG=1",
					"$(inherited)",
				);
				GCC_WARN_64_TO_32_BIT_CONVERSION = YES;
				GCC_WARN_ABOUT_RETURN_TYPE = YES_ERROR;
				GCC_WARN_UNDECLARED_SELECTOR = YES;
				GCC_WARN_UNINITIALIZED_AUTOS = YES_AGGRESSIVE;
				GCC_WARN_UNUSED_FUNCTION = YES;
				GCC_WARN_UNUSED_VARIABLE = YES;
				IPHONEOS_DEPLOYMENT_TARGET = 13.0;
				MTL_ENABLE_DEBUG_INFO = INCLUDE_SOURCE;
				MTL_FAST_MATH = YES;
				ONLY_ACTIVE_ARCH = YES;
				SDKROOT = iphoneos;
				SWIFT_ACTIVE_COMPILATION_CONDITIONS = DEBUG;
				SWIFT_OPTIMIZATION_LEVEL = "-Onone";
			};
			name = Debug;
		};
		9691CE3229A3BC0200F6A2A5 /* Release */ = {
			isa = XCBuildConfiguration;
			buildSettings = {
				ALWAYS_SEARCH_USER_PATHS = NO;
				CLANG_ANALYZER_NONNULL = YES;
				CLANG_ANALYZER_NUMBER_OBJECT_CONVERSION = YES_AGGRESSIVE;
				CLANG_CXX_LANGUAGE_STANDARD = "gnu++20";
				CLANG_ENABLE_MODULES = YES;
				CLANG_ENABLE_OBJC_ARC = YES;
				CLANG_ENABLE_OBJC_WEAK = YES;
				CLANG_WARN_BLOCK_CAPTURE_AUTORELEASING = YES;
				CLANG_WARN_BOOL_CONVERSION = YES;
				CLANG_WARN_COMMA = YES;
				CLANG_WARN_CONSTANT_CONVERSION = YES;
				CLANG_WARN_DEPRECATED_OBJC_IMPLEMENTATIONS = YES;
				CLANG_WARN_DIRECT_OBJC_ISA_USAGE = YES_ERROR;
				CLANG_WARN_DOCUMENTATION_COMMENTS = YES;
				CLANG_WARN_EMPTY_BODY = YES;
				CLANG_WARN_ENUM_CONVERSION = YES;
				CLANG_WARN_INFINITE_RECURSION = YES;
				CLANG_WARN_INT_CONVERSION = YES;
				CLANG_WARN_NON_LITERAL_NULL_CONVERSION = YES;
				CLANG_WARN_OBJC_IMPLICIT_RETAIN_SELF = YES;
				CLANG_WARN_OBJC_LITERAL_CONVERSION = YES;
				CLANG_WARN_OBJC_ROOT_CLASS = YES_ERROR;
				CLANG_WARN_QUOTED_INCLUDE_IN_FRAMEWORK_HEADER = YES;
				CLANG_WARN_RANGE_LOOP_ANALYSIS = YES;
				CLANG_WARN_STRICT_PROTOTYPES = YES;
				CLANG_WARN_SUSPICIOUS_MOVE = YES;
				CLANG_WARN_UNGUARDED_AVAILABILITY = YES_AGGRESSIVE;
				CLANG_WARN_UNREACHABLE_CODE = YES;
				CLANG_WARN__DUPLICATE_METHOD_MATCH = YES;
				COPY_PHASE_STRIP = NO;
				DEBUG_INFORMATION_FORMAT = "dwarf-with-dsym";
				ENABLE_NS_ASSERTIONS = NO;
				ENABLE_STRICT_OBJC_MSGSEND = YES;
				GCC_C_LANGUAGE_STANDARD = gnu11;
				GCC_NO_COMMON_BLOCKS = YES;
				GCC_WARN_64_TO_32_BIT_CONVERSION = YES;
				GCC_WARN_ABOUT_RETURN_TYPE = YES_ERROR;
				GCC_WARN_UNDECLARED_SELECTOR = YES;
				GCC_WARN_UNINITIALIZED_AUTOS = YES_AGGRESSIVE;
				GCC_WARN_UNUSED_FUNCTION = YES;
				GCC_WARN_UNUSED_VARIABLE = YES;
				IPHONEOS_DEPLOYMENT_TARGET = 13.0;
				MTL_ENABLE_DEBUG_INFO = NO;
				MTL_FAST_MATH = YES;
				SDKROOT = iphoneos;
				SWIFT_COMPILATION_MODE = wholemodule;
				SWIFT_OPTIMIZATION_LEVEL = "-O";
				VALIDATE_PRODUCT = YES;
			};
			name = Release;
		};
		9691CE3429A3BC0200F6A2A5 /* Debug */ = {
			isa = XCBuildConfiguration;
			baseConfigurationReference = 49BFB4F08F30165E2C57CFDB /* Pods-MovieRxSwift.debug.xcconfig */;
			buildSettings = {
				ASSETCATALOG_COMPILER_APPICON_NAME = AppIcon;
				ASSETCATALOG_COMPILER_GLOBAL_ACCENT_COLOR_NAME = AccentColor;
				CODE_SIGN_STYLE = Automatic;
				CURRENT_PROJECT_VERSION = 1;
				GENERATE_INFOPLIST_FILE = YES;
				INFOPLIST_FILE = MovieRxSwift/Info.plist;
				INFOPLIST_KEY_UIApplicationSupportsIndirectInputEvents = YES;
				INFOPLIST_KEY_UILaunchStoryboardName = LaunchScreen;
				INFOPLIST_KEY_UIMainStoryboardFile = Main;
				INFOPLIST_KEY_UISupportedInterfaceOrientations_iPad = "UIInterfaceOrientationPortrait UIInterfaceOrientationPortraitUpsideDown UIInterfaceOrientationLandscapeLeft UIInterfaceOrientationLandscapeRight";
				INFOPLIST_KEY_UISupportedInterfaceOrientations_iPhone = "UIInterfaceOrientationPortrait UIInterfaceOrientationLandscapeLeft UIInterfaceOrientationLandscapeRight";
				IPHONEOS_DEPLOYMENT_TARGET = 13.0;
				LD_RUNPATH_SEARCH_PATHS = (
					"$(inherited)",
					"@executable_path/Frameworks",
				);
				MARKETING_VERSION = 1.0;
				PRODUCT_BUNDLE_IDENTIFIER = cuong.ios.MovieRxSwift;
				PRODUCT_NAME = "$(TARGET_NAME)";
				SWIFT_EMIT_LOC_STRINGS = YES;
				SWIFT_VERSION = 5.0;
				TARGETED_DEVICE_FAMILY = "1,2";
			};
			name = Debug;
		};
		9691CE3529A3BC0200F6A2A5 /* Release */ = {
			isa = XCBuildConfiguration;
			baseConfigurationReference = A2DABFCDD2A02107FEEEB1A4 /* Pods-MovieRxSwift.release.xcconfig */;
			buildSettings = {
				ASSETCATALOG_COMPILER_APPICON_NAME = AppIcon;
				ASSETCATALOG_COMPILER_GLOBAL_ACCENT_COLOR_NAME = AccentColor;
				CODE_SIGN_STYLE = Automatic;
				CURRENT_PROJECT_VERSION = 1;
				GENERATE_INFOPLIST_FILE = YES;
				INFOPLIST_FILE = MovieRxSwift/Info.plist;
				INFOPLIST_KEY_UIApplicationSupportsIndirectInputEvents = YES;
				INFOPLIST_KEY_UILaunchStoryboardName = LaunchScreen;
				INFOPLIST_KEY_UIMainStoryboardFile = Main;
				INFOPLIST_KEY_UISupportedInterfaceOrientations_iPad = "UIInterfaceOrientationPortrait UIInterfaceOrientationPortraitUpsideDown UIInterfaceOrientationLandscapeLeft UIInterfaceOrientationLandscapeRight";
				INFOPLIST_KEY_UISupportedInterfaceOrientations_iPhone = "UIInterfaceOrientationPortrait UIInterfaceOrientationLandscapeLeft UIInterfaceOrientationLandscapeRight";
				IPHONEOS_DEPLOYMENT_TARGET = 13.0;
				LD_RUNPATH_SEARCH_PATHS = (
					"$(inherited)",
					"@executable_path/Frameworks",
				);
				MARKETING_VERSION = 1.0;
				PRODUCT_BUNDLE_IDENTIFIER = cuong.ios.MovieRxSwift;
				PRODUCT_NAME = "$(TARGET_NAME)";
				SWIFT_EMIT_LOC_STRINGS = YES;
				SWIFT_VERSION = 5.0;
				TARGETED_DEVICE_FAMILY = "1,2";
			};
			name = Release;
		};
/* End XCBuildConfiguration section */

/* Begin XCConfigurationList section */
		9691CE1A29A3BC0100F6A2A5 /* Build configuration list for PBXProject "MovieRxSwift" */ = {
			isa = XCConfigurationList;
			buildConfigurations = (
				9691CE3129A3BC0200F6A2A5 /* Debug */,
				9691CE3229A3BC0200F6A2A5 /* Release */,
			);
			defaultConfigurationIsVisible = 0;
			defaultConfigurationName = Release;
		};
		9691CE3329A3BC0200F6A2A5 /* Build configuration list for PBXNativeTarget "MovieRxSwift" */ = {
			isa = XCConfigurationList;
			buildConfigurations = (
				9691CE3429A3BC0200F6A2A5 /* Debug */,
				9691CE3529A3BC0200F6A2A5 /* Release */,
			);
			defaultConfigurationIsVisible = 0;
			defaultConfigurationName = Release;
		};
/* End XCConfigurationList section */
	};
	rootObject = 9691CE1729A3BC0100F6A2A5 /* Project object */;
}
